# This file is autogenerated, do not edit; changes may be undone by the next 'dep ensure'.


[[projects]]
  branch = "master"
  digest = "1:8fda70c57919d8b3eda9806c43d26ad27efd6049571b838f6351d4c4b9dd5767"
  name = "github.com/ajstarks/svgo"
  packages = ["."]
  pruneopts = "UT"
  revision = "6ce6a3bcf6cde6c5007887677ebd148ec30f42a4"

[[projects]]
  digest = "1:ffe9824d294da03b391f44e1ae8281281b4afc1bdaa9588c9097785e3af10cec"
  name = "github.com/davecgh/go-spew"
  packages = ["spew"]
  pruneopts = "UT"
  revision = "8991bc29aa16c548c550c7ff78260e27b9ab7c73"
  version = "v1.1.1"

[[projects]]
  digest = "1:b6e21e98fcbc23345ea2e3b70766edfc7fb53c0c99966fed18e889de0fcb67f2"
  name = "github.com/fogleman/gg"
  packages = ["."]
  pruneopts = "UT"
  revision = "0403632d5b905943a1c2a5b2763aaecd568467ec"
  version = "v1.3.0"

[[projects]]
  branch = "master"
  digest = "1:62c57507df491b657e9ae2645f30958d9964c8eeb380600469eedc951ebb3a0e"
  name = "github.com/golang/freetype"
  packages = [
    "raster",
    "truetype",
  ]
  pruneopts = "UT"
  revision = "e2365dfdc4a05e4b8299a783240d4a7d5a65d4e4"

[[projects]]
  digest = "1:c896da761dd61aebe266dff2c5c9f97f05bad7496a99276974b4b8ef1545cb25"
  name = "github.com/jung-kurt/gofpdf"
  packages = ["."]
  pruneopts = "UT"
  revision = "ce45bb4bec076e7fbc3da704e7dd331526bba782"
  version = "v2.4.0"

[[projects]]
  branch = "master"
  digest = "1:bdb97a1a5712333f839f867dd0feb1c92da393d4b86711af3fed74d128b4eb7c"
  name = "github.com/milosgajdos83/matrix"
  packages = ["."]
  pruneopts = "UT"
  revision = "38bc2a7ca9e3e667c1a1462f061a923fccd6c8f0"

[[projects]]
  digest = "1:0028cb19b2e4c3112225cd871870f2d9cf49b9b4276531f03438a88e94be86fe"
  name = "github.com/pmezard/go-difflib"
  packages = ["difflib"]
  pruneopts = "UT"
  revision = "792786c7400a136282c1664665ae0a8db921c6c2"
  version = "v1.0.0"

[[projects]]
  digest = "1:972c2427413d41a1e06ca4897e8528e5a1622894050e2f527b38ddf0f343f759"
  name = "github.com/stretchr/testify"
  packages = ["assert"]
  pruneopts = "UT"
  revision = "ffdc059bfe9ce6a4e144ba849dbedead332c6053"
  version = "v1.3.0"

[[projects]]
  digest = "1:585a600255042d1bbf97a5bef9f7c23626d85a6b0d649df94cac4afb99e0bccc"
  name = "gocv.io/x/gocv"
  packages = ["."]
  pruneopts = "UT"
  revision = "a897c364055ad1328c2162830747da556a8a9aa2"
  version = "v0.19.0"

[[projects]]
  branch = "master"
  digest = "1:d87af402fc3f371d6b008f58903e98bee8873db45263dc54762f00735c582495"
  name = "golang.org/x/exp"
  packages = ["rand"]
  pruneopts = "UT"
  revision = "475c5042d3f1a54a7b90cb8b1efb6697946e1107"

[[projects]]
  branch = "master"
  digest = "1:7f3867d04858d729fc2228e1df5a05d3759753d701b38e18bd561842edf26287"
  name = "golang.org/x/image"
  packages = [
    "draw",
    "font",
    "font/basicfont",
    "font/plan9font",
    "math/f64",
    "math/fixed",
    "tiff",
    "tiff/lzw",
  ]
  pruneopts = "UT"
  revision = "6d32002ffd7577f23673706728e1c510698cecb1"

[[projects]]
  branch = "master"
  digest = "1:ca7bb82418ee4893eb02082f34412f8aa6e7ef6cbe5df3a00678e14394eb2319"
  name = "golang.org/x/tools"
  packages = ["container/intsets"]
  pruneopts = "UT"
  revision = "3b6f9c0030f769fa3ded8a7f0d9420c71ac20caf"

[[projects]]
  branch = "master"
  digest = "1:89d61accd94d0366596ad80505dbaaf06e0d24a8a9c04781013e5ac5a6ee02e7"
  name = "gonum.org/v1/gonum"
  packages = [
    "blas",
    "blas/blas64",
    "blas/cblas128",
    "blas/gonum",
    "bound",
    "diff/fd",
    "floats",
    "internal/asm/c128",
    "internal/asm/c64",
    "internal/asm/f32",
    "internal/asm/f64",
    "internal/cmplx64",
    "internal/math32",
    "lapack",
    "lapack/gonum",
    "lapack/lapack64",
    "mat",
    "mathext",
    "mathext/internal/amos",
    "mathext/internal/cephes",
    "mathext/internal/gonum",
    "stat",
    "stat/combin",
    "stat/distmv",
    "stat/distuv",
  ]
  pruneopts = "UT"
  revision = "4a2eb0188cbc0e070b369cf7197a3ecb1034fb46"

[[projects]]
  branch = "master"
  digest = "1:a2f46ef30043c7ae49f44580cb12ebfef386c3c4b97ae15810f569c661b68bd6"
  name = "gonum.org/v1/plot"
  packages = [
    ".",
    "palette",
    "plotter",
    "tools/bezier",
    "vg",
    "vg/draw",
    "vg/fonts",
    "vg/vgeps",
    "vg/vgimg",
    "vg/vgpdf",
    "vg/vgsvg",
  ]
  pruneopts = "UT"
  revision = "3a5f52653745fa15b552c97e1d8052e496e85503"

[solve-meta]
  analyzer-name = "dep"
  analyzer-version = 1
  input-imports = [
    "github.com/milosgajdos83/matrix",
    "github.com/stretchr/testify/assert",
    "gocv.io/x/gocv",
    "golang.org/x/exp/rand",
    "gonum.org/v1/gonum/diff/fd",
    "gonum.org/v1/gonum/floats",
    "gonum.org/v1/gonum/mat",
    "gonum.org/v1/gonum/stat/distmv",
    "gonum.org/v1/gonum/stat/distuv",
    "gonum.org/v1/plot",
    "gonum.org/v1/plot/plotter",
    "gonum.org/v1/plot/vg",
    "gonum.org/v1/plot/vg/draw",
  ]
  solver-name = "gps-cdcl"
  solver-version = 1
